
Microsoft Visual Studio Solution File, Format Version 12.00
# Visual Studio Version 17
VisualStudioVersion = 17.7.34202.233
MinimumVisualStudioVersion = 10.0.40219.1
Project("{9A19103F-16F7-4668-BE54-9A1E7A4F7556}") = "StylesInMAUI", "StylesInMAUI\StylesInMAUI.csproj", "{081233FC-3B7D-4E01-A615-23A07A4F6480}"
EndProject
Project("{9A19103F-16F7-4668-BE54-9A1E7A4F7556}") = "Calculator", "Calculator\Calculator.csproj", "{49F28491-E22B-46A9-9CD7-805D35AA1CA1}"
EndProject
Project("{9A19103F-16F7-4668-BE54-9A1E7A4F7556}") = "CollectionViewInMAUI", "CollectionViewInMAUI\CollectionViewInMAUI.csproj", "{52B7D7CE-4787-4770-BCEA-BEF962666907}"
EndProject
Project("{9A19103F-16F7-4668-BE54-9A1E7A4F7556}") = "Tasker", "Tasker\Tasker.csproj", "{564038F9-A2AE-4829-B78D-941CEC3E3E12}"
EndProject
Project("{9A19103F-16F7-4668-BE54-9A1E7A4F7556}") = "RESTInMAUI", "RESTInMAUI\RESTInMAUI.csproj", "{3045AB18-A9FA-46AE-BB29-0BFB5CD94B1F}"
EndProject
Project("{9A19103F-16F7-4668-BE54-9A1E7A4F7556}") = "Weather", "Weather\Weather.csproj", "{5146A27B-562B-4255-8A2D-6BEA1272C9D3}"
EndProject
Project("{9A19103F-16F7-4668-BE54-9A1E7A4F7556}") = "Prosper", "Prosper\Prosper.csproj", "{8EC7AB29-4685-41BD-9F2A-26D07B43BC00}"
EndProject
Project("{9A19103F-16F7-4668-BE54-9A1E7A4F7556}") = "DevsPark", "DevsPark\DevsPark.csproj", "{6ADC45EC-3B37-4E23-BE1F-E0CCBBE86ECE}"
EndProject
Project("{FAE04EC0-301F-11D3-BF4B-00C04F79EFBC}") = "DalUi", "DalUi\DalUi.csproj", "{0BA201FA-AE30-4356-AD0D-C1F52AFB2CDB}"
EndProject
Global
	GlobalSection(SolutionConfigurationPlatforms) = preSolution
		Debug|Any CPU = Debug|Any CPU
		Release|Any CPU = Release|Any CPU
	EndGlobalSection
	GlobalSection(ProjectConfigurationPlatforms) = postSolution
		{081233FC-3B7D-4E01-A615-23A07A4F6480}.Debug|Any CPU.ActiveCfg = Debug|Any CPU
		{081233FC-3B7D-4E01-A615-23A07A4F6480}.Debug|Any CPU.Build.0 = Debug|Any CPU
		{081233FC-3B7D-4E01-A615-23A07A4F6480}.Debug|Any CPU.Deploy.0 = Debug|Any CPU
		{081233FC-3B7D-4E01-A615-23A07A4F6480}.Release|Any CPU.ActiveCfg = Release|Any CPU
		{081233FC-3B7D-4E01-A615-23A07A4F6480}.Release|Any CPU.Build.0 = Release|Any CPU
		{081233FC-3B7D-4E01-A615-23A07A4F6480}.Release|Any CPU.Deploy.0 = Release|Any CPU
		{49F28491-E22B-46A9-9CD7-805D35AA1CA1}.Debug|Any CPU.ActiveCfg = Debug|Any CPU
		{49F28491-E22B-46A9-9CD7-805D35AA1CA1}.Debug|Any CPU.Build.0 = Debug|Any CPU
		{49F28491-E22B-46A9-9CD7-805D35AA1CA1}.Debug|Any CPU.Deploy.0 = Debug|Any CPU
		{49F28491-E22B-46A9-9CD7-805D35AA1CA1}.Release|Any CPU.ActiveCfg = Release|Any CPU
		{49F28491-E22B-46A9-9CD7-805D35AA1CA1}.Release|Any CPU.Build.0 = Release|Any CPU
		{49F28491-E22B-46A9-9CD7-805D35AA1CA1}.Release|Any CPU.Deploy.0 = Release|Any CPU
		{52B7D7CE-4787-4770-BCEA-BEF962666907}.Debug|Any CPU.ActiveCfg = Debug|Any CPU
		{52B7D7CE-4787-4770-BCEA-BEF962666907}.Debug|Any CPU.Build.0 = Debug|Any CPU
		{52B7D7CE-4787-4770-BCEA-BEF962666907}.Debug|Any CPU.Deploy.0 = Debug|Any CPU
		{52B7D7CE-4787-4770-BCEA-BEF962666907}.Release|Any CPU.ActiveCfg = Release|Any CPU
		{52B7D7CE-4787-4770-BCEA-BEF962666907}.Release|Any CPU.Build.0 = Release|Any CPU
		{52B7D7CE-4787-4770-BCEA-BEF962666907}.Release|Any CPU.Deploy.0 = Release|Any CPU
		{564038F9-A2AE-4829-B78D-941CEC3E3E12}.Debug|Any CPU.ActiveCfg = Debug|Any CPU
		{564038F9-A2AE-4829-B78D-941CEC3E3E12}.Debug|Any CPU.Build.0 = Debug|Any CPU
		{564038F9-A2AE-4829-B78D-941CEC3E3E12}.Debug|Any CPU.Deploy.0 = Debug|Any CPU
		{564038F9-A2AE-4829-B78D-941CEC3E3E12}.Release|Any CPU.ActiveCfg = Release|Any CPU
		{564038F9-A2AE-4829-B78D-941CEC3E3E12}.Release|Any CPU.Build.0 = Release|Any CPU
		{564038F9-A2AE-4829-B78D-941CEC3E3E12}.Release|Any CPU.Deploy.0 = Release|Any CPU
		{3045AB18-A9FA-46AE-BB29-0BFB5CD94B1F}.Debug|Any CPU.ActiveCfg = Debug|Any CPU
		{3045AB18-A9FA-46AE-BB29-0BFB5CD94B1F}.Debug|Any CPU.Build.0 = Debug|Any CPU
		{3045AB18-A9FA-46AE-BB29-0BFB5CD94B1F}.Debug|Any CPU.Deploy.0 = Debug|Any CPU
		{3045AB18-A9FA-46AE-BB29-0BFB5CD94B1F}.Release|Any CPU.ActiveCfg = Release|Any CPU
		{3045AB18-A9FA-46AE-BB29-0BFB5CD94B1F}.Release|Any CPU.Build.0 = Release|Any CPU
		{3045AB18-A9FA-46AE-BB29-0BFB5CD94B1F}.Release|Any CPU.Deploy.0 = Release|Any CPU
		{5146A27B-562B-4255-8A2D-6BEA1272C9D3}.Debug|Any CPU.ActiveCfg = Debug|Any CPU
		{5146A27B-562B-4255-8A2D-6BEA1272C9D3}.Debug|Any CPU.Build.0 = Debug|Any CPU
		{5146A27B-562B-4255-8A2D-6BEA1272C9D3}.Debug|Any CPU.Deploy.0 = Debug|Any CPU
		{5146A27B-562B-4255-8A2D-6BEA1272C9D3}.Release|Any CPU.ActiveCfg = Release|Any CPU
		{5146A27B-562B-4255-8A2D-6BEA1272C9D3}.Release|Any CPU.Build.0 = Release|Any CPU
		{5146A27B-562B-4255-8A2D-6BEA1272C9D3}.Release|Any CPU.Deploy.0 = Release|Any CPU
		{8EC7AB29-4685-41BD-9F2A-26D07B43BC00}.Debug|Any CPU.ActiveCfg = Debug|Any CPU
		{8EC7AB29-4685-41BD-9F2A-26D07B43BC00}.Debug|Any CPU.Build.0 = Debug|Any CPU
		{8EC7AB29-4685-41BD-9F2A-26D07B43BC00}.Debug|Any CPU.Deploy.0 = Debug|Any CPU
		{8EC7AB29-4685-41BD-9F2A-26D07B43BC00}.Release|Any CPU.ActiveCfg = Release|Any CPU
		{8EC7AB29-4685-41BD-9F2A-26D07B43BC00}.Release|Any CPU.Build.0 = Release|Any CPU
		{8EC7AB29-4685-41BD-9F2A-26D07B43BC00}.Release|Any CPU.Deploy.0 = Release|Any CPU
		{6ADC45EC-3B37-4E23-BE1F-E0CCBBE86ECE}.Debug|Any CPU.ActiveCfg = Debug|Any CPU
		{6ADC45EC-3B37-4E23-BE1F-E0CCBBE86ECE}.Debug|Any CPU.Build.0 = Debug|Any CPU
		{6ADC45EC-3B37-4E23-BE1F-E0CCBBE86ECE}.Debug|Any CPU.Deploy.0 = Debug|Any CPU
		{6ADC45EC-3B37-4E23-BE1F-E0CCBBE86ECE}.Release|Any CPU.ActiveCfg = Release|Any CPU
		{6ADC45EC-3B37-4E23-BE1F-E0CCBBE86ECE}.Release|Any CPU.Build.0 = Release|Any CPU
		{6ADC45EC-3B37-4E23-BE1F-E0CCBBE86ECE}.Release|Any CPU.Deploy.0 = Release|Any CPU
		{0BA201FA-AE30-4356-AD0D-C1F52AFB2CDB}.Debug|Any CPU.ActiveCfg = Debug|Any CPU
		{0BA201FA-AE30-4356-AD0D-C1F52AFB2CDB}.Debug|Any CPU.Build.0 = Debug|Any CPU
		{0BA201FA-AE30-4356-AD0D-C1F52AFB2CDB}.Debug|Any CPU.Deploy.0 = Debug|Any CPU
		{0BA201FA-AE30-4356-AD0D-C1F52AFB2CDB}.Release|Any CPU.ActiveCfg = Release|Any CPU
		{0BA201FA-AE30-4356-AD0D-C1F52AFB2CDB}.Release|Any CPU.Build.0 = Release|Any CPU
		{0BA201FA-AE30-4356-AD0D-C1F52AFB2CDB}.Release|Any CPU.Deploy.0 = Release|Any CPU
	EndGlobalSection
	GlobalSection(SolutionProperties) = preSolution
		HideSolutionNode = FALSE
	EndGlobalSection
	GlobalSection(ExtensibilityGlobals) = postSolution
		SolutionGuid = {3B92F3D2-1F33-4B70-986A-608595E5ACAB}
	EndGlobalSection
EndGlobal
